
Microsoft Visual Studio Solution File, Format Version 12.00
# Visual Studio Version 16
VisualStudioVersion = 16.0.29905.134
MinimumVisualStudioVersion = 10.0.40219.1
Project("{FAE04EC0-301F-11D3-BF4B-00C04F79EFBC}") = "Delans_20", "Delans_2.0\Delans_20.csproj", "{9721027A-B3A0-4A02-8B2D-F7C0A48EF600}"
EndProject
Global
	GlobalSection(SolutionConfigurationPlatforms) = preSolution
		Debug|Any CPU = Debug|Any CPU
		Release|Any CPU = Release|Any CPU
	EndGlobalSection
	GlobalSection(ProjectConfigurationPlatforms) = postSolution
		{9721027A-B3A0-4A02-8B2D-F7C0A48EF600}.Debug|Any CPU.ActiveCfg = Debug|Any CPU
		{9721027A-B3A0-4A02-8B2D-F7C0A48EF600}.Debug|Any CPU.Build.0 = Debug|Any CPU
		{9721027A-B3A0-4A02-8B2D-F7C0A48EF600}.Release|Any CPU.ActiveCfg = Release|Any CPU
		{9721027A-B3A0-4A02-8B2D-F7C0A48EF600}.Release|Any CPU.Build.0 = Release|Any CPU
	EndGlobalSection
	GlobalSection(SolutionProperties) = preSolution
		HideSolutionNode = FALSE
	EndGlobalSection
	GlobalSection(ExtensibilityGlobals) = postSolution
		SolutionGuid = {F90F0722-23F0-42D7-9B8A-AE60E425039B}
	EndGlobalSection
EndGlobal
